
Microsoft Visual Studio Solution File, Format Version 12.00
# Visual Studio Version 16
VisualStudioVersion = 16.0.32228.343
MinimumVisualStudioVersion = 10.0.40219.1
Project("{FAE04EC0-301F-11D3-BF4B-00C04F79EFBC}") = "TwoDimension_array", "TwoDimension_array\TwoDimension_array.csproj", "{11E6E449-DF51-415E-A89A-42F56D1B89A6}"
EndProject
Global
	GlobalSection(SolutionConfigurationPlatforms) = preSolution
		Debug|Any CPU = Debug|Any CPU
		Release|Any CPU = Release|Any CPU
	EndGlobalSection
	GlobalSection(ProjectConfigurationPlatforms) = postSolution
		{11E6E449-DF51-415E-A89A-42F56D1B89A6}.Debug|Any CPU.ActiveCfg = Debug|Any CPU
		{11E6E449-DF51-415E-A89A-42F56D1B89A6}.Debug|Any CPU.Build.0 = Debug|Any CPU
		{11E6E449-DF51-415E-A89A-42F56D1B89A6}.Release|Any CPU.ActiveCfg = Release|Any CPU
		{11E6E449-DF51-415E-A89A-42F56D1B89A6}.Release|Any CPU.Build.0 = Release|Any CPU
	EndGlobalSection
	GlobalSection(SolutionProperties) = preSolution
		HideSolutionNode = FALSE
	EndGlobalSection
	GlobalSection(ExtensibilityGlobals) = postSolution
		SolutionGuid = {EB5B9385-C217-4527-9A54-A6D6125FF330}
	EndGlobalSection
EndGlobal
